{
  "name": "fh-js-sdk",
  "version": "3.0.2",
  "lockfileVersion": 1,
  "requires": true,
  "dependencies": {
    "fh-sync-js": {
      "version": "1.1.1",
      "resolved": "https://registry.npmjs.org/fh-sync-js/-/fh-sync-js-1.1.1.tgz",
      "integrity": "sha1-NhQcQMKBHA2ie7PzUrT9+wwgWpI=",
      "requires": {
        "loglevel": "https://registry.npmjs.org/loglevel/-/loglevel-0.6.0.tgz",
        "process": "https://registry.npmjs.org/process/-/process-0.6.0.tgz",
        "type-of": "https://registry.npmjs.org/type-of/-/type-of-2.0.1.tgz",
        "underscore": "https://registry.npmjs.org/underscore/-/underscore-1.6.0.tgz",
        "uuid": "3.0.1"
      },
      "dependencies": {
        "loglevel": {
          "version": "https://registry.npmjs.org/loglevel/-/loglevel-0.6.0.tgz",
          "integrity": "sha512-oUJnaflvU+Ao/hIjvZUu6YYAcGhtDLPeT+2zxLq6CFcanFIUTkpdY4vhiGJ6M9MJqIJBT4K3beuWZkwd9TJhgg=="
        },
        "process": {
          "version": "https://registry.npmjs.org/process/-/process-0.6.0.tgz",
          "integrity": "sha512-wKdRDRIisD/dfTBK678QFFEwi1oI5Q8U4JCu4lJSRZn7QlTilsXXlE/JytTY5xA8bAIADkwXaU8Vt6zE8ClzVw=="
        },
        "type-of": {
          "version": "https://registry.npmjs.org/type-of/-/type-of-2.0.1.tgz",
          "integrity": "sha512-39wxbwHdQ2sTiBB8wAzKfQ9GN+om8w+sjNWzr+vZJR5AMD5J+J7Yc8AtXnU9r/r2c8XiDZ/smxutDmZehX/qpQ=="
        },
        "underscore": {
          "version": "https://registry.npmjs.org/underscore/-/underscore-1.6.0.tgz",
          "integrity": "sha512-z4o1fvKUojIWh9XuaVLUDdf86RQiq13AC1dmHbTpoyuu+bquHms76v16CjycCbec87J7z0k//SiQVk0sMdFmpQ=="
        },
        "uuid": {
          "version": "3.0.1",
          "resolved": "https://registry.npmjs.org/uuid/-/uuid-3.0.1.tgz",
          "integrity": "sha1-ZUS7ot/ajBzxfmKaOjBeK7H+5sE="
        }
      }
    },
    "loglevel": {
      "version": "0.6.0",
      "resolved": "https://registry.npmjs.org/loglevel/-/loglevel-0.6.0.tgz",
      "integrity": "sha1-Pcco/1qUX5xmUvzNE0vpoSpBzIM="
    },
    "process": {
      "version": "0.6.0",
      "resolved": "https://registry.npmjs.org/process/-/process-0.6.0.tgz",
      "integrity": "sha1-fdm+gP+q7dTLYo8YJ/HLq23AkY8="
    },
    "type-of": {
      "version": "2.0.1",
      "resolved": "https://registry.npmjs.org/type-of/-/type-of-2.0.1.tgz",
      "integrity": "sha1-5yoXQYllaOn2KDeNgW1pEvfyOXI="
    },
    "underscore": {
      "version": "1.6.0",
      "resolved": "https://registry.npmjs.org/underscore/-/underscore-1.6.0.tgz",
      "integrity": "sha1-izixDKze9jM3uLJOT/htRa6lKag="
    }
  }
}
