{
  "name": "fh-js-sdk",
  "version": "2.18.6",
  "dependencies": {
    "fh-sync-js": {
      "version": "1.0.0-pre3",
      "from": "fh-sync-js@1.0.0-pre3",
      "resolved": "https://registry.npmjs.org/fh-sync-js/-/fh-sync-js-1.0.0-pre3.tgz",
      "dependencies": {
        "type-of": {
          "version": "2.0.1",
          "from": "https://registry.npmjs.org/type-of/-/type-of-2.0.1.tgz",
          "resolved": "https://registry.npmjs.org/type-of/-/type-of-2.0.1.tgz"
        },
        "loglevel": {
          "version": "0.6.0",
          "from": "https://registry.npmjs.org/loglevel/-/loglevel-0.6.0.tgz",
          "resolved": "https://registry.npmjs.org/loglevel/-/loglevel-0.6.0.tgz"
        },
        "underscore": {
          "version": "1.6.0",
          "from": "https://registry.npmjs.org/underscore/-/underscore-1.6.0.tgz",
          "resolved": "https://registry.npmjs.org/underscore/-/underscore-1.6.0.tgz"
        },
        "process": {
          "version": "0.6.0",
          "from": "https://registry.npmjs.org/process/-/process-0.6.0.tgz",
          "resolved": "https://registry.npmjs.org/process/-/process-0.6.0.tgz"
        }
      }
    },
    "loglevel": {
      "version": "0.6.0",
      "from": "https://registry.npmjs.org/loglevel/-/loglevel-0.6.0.tgz",
      "resolved": "https://registry.npmjs.org/loglevel/-/loglevel-0.6.0.tgz"
    },
    "process": {
      "version": "0.6.0",
      "from": "https://registry.npmjs.org/process/-/process-0.6.0.tgz",
      "resolved": "https://registry.npmjs.org/process/-/process-0.6.0.tgz"
    },
    "type-of": {
      "version": "2.0.1",
      "from": "https://registry.npmjs.org/type-of/-/type-of-2.0.1.tgz",
      "resolved": "https://registry.npmjs.org/type-of/-/type-of-2.0.1.tgz"
    },
    "underscore": {
      "version": "1.6.0",
      "from": "https://registry.npmjs.org/underscore/-/underscore-1.6.0.tgz",
      "resolved": "https://registry.npmjs.org/underscore/-/underscore-1.6.0.tgz"
    }
  }
}
